schema_version: "1.0.0"
created: "2026-05-09"
owner: ZephyrAlpha-Owner
description: |
  架构锁注册表——锁定已确认为"正确设计"的架构决策。
  任何 AI agent 修改以下锁定项前，MUST 先获得 Owner 明确批准。
  未经批准的修改 = 违规（RULE-TEN 强制执行）。

lock_philosophy: |
  "设计已正确 → 锁定 → 修改需审批 → 防止不知情的 AI 为完成任务而擅自改动架构"
  对标：K8s ValidatingAdmissionWebhook（准入控制）+ Terraform state lock（状态锁）
        + Vibe Coding 社区 "架构决策 immutable" 惯例
        + 专业机构 "change advisory board (CAB)" 审批流程

locked_items:

  - lock_id: ARCH-LOCK-001
    category: database_schema
    scope: "SQLite 元数据层 Schema（tasks/events/knowledge/gates/task_files 表结构）"
    locked_files:
      - "src/zephyr/governance/persistence/sqlite_schema.py"
      - "architecture_model/layers/b_db.yaml"
    locked_decisions:
      - "SQLite WAL 模式 + 单写者架构"
      - "8 版本迁移框架（_MIGRATIONS v1-v8）"
      - "tasks 表 62 字段定义"
      - "events 表不可变日志设计"
      - "soft delete (is_deleted + deleted_at) 模式"
    reason: "Schema 变更影响全系统 9 个消费者模块——任何字段增删改需 Owner 审批"
    approval_required: owner_explicit
    ai_permission: read_only

  - lock_id: ARCH-LOCK-002
    category: database_path
    scope: "数据库文件路径约定"
    locked_files:
      - "src/zephyr/shared/io/paths.py"
      - "docs/03_modules/_cross_layer/database/blueprint.md"
    locked_decisions:
      - "data/databases/governance.db —— 元数据主库"
      - "data/vector_db/ —— VMS 数据根目录"
      - "data/vector_db/faiss/ —— FAISS 索引文件"
      - "data/vector_db/vms_metadata.db —— VMS 元数据库"
      - "data/drift/drift_events.db —— 漂移检测数据库"
      - "data/backups/ —— 备份目录"
      - "data/warehouse/ —— DuckDB OLAP 数据仓库"
    reason: "路径变更导致全系统数据断裂——统一路径是 SSoT 基础"
    approval_required: owner_explicit
    ai_permission: read_only

  - lock_id: ARCH-LOCK-003
    category: vector_db_backend
    scope: "VMS 向量数据库后端选型"
    locked_files:
      - "src/zephyr/integration/vector_memory/faiss_collection_manager.py"
      - "src/zephyr/integration/vector_memory/sqlite_metadata_store.py"
      - "src/zephyr/integration/vector_memory/hybrid_retriever.py"
      - "docs/03_modules/_domain_knowledge/vector_memory/blueprint.md"
    locked_decisions:
      - "FAISS HNSW + SQLite WAL 双引擎架构"
      - "8 Collection Schema（decisions/code_context/lessons/knowledge/rules/blueprints/session_snapshots/execution_traces）"
      - "双嵌入维度：5×1024d + 3×512d"
      - "Hybrid 检索：0.7 dense + 0.3 sparse 加权融合"
      - "L2→cosine 分数转换：max(0.0, 1.0 - dist/2.0)"
      - "IVF+PQ 自动训练阈值：≥3840 向量"
      - "FAISS mmap 共享内存模式（IO_FLAG_MMAP | IO_FLAG_READ_ONLY）"
    reason: "向量引擎是全系统语义检索的基座——后端选型变更需完整迁移评估"
    approval_required: owner_explicit
    ai_permission: read_only

  - lock_id: ARCH-LOCK-004
    category: embedding_model
    scope: "嵌入模型选型与维度映射"
    locked_files:
      - "src/zephyr/integration/vector_memory/embedding_router.py"
    locked_decisions:
      - "BGE-M3 (1024d) —— 大型 Collection 主嵌入模型"
      - "bge-small-zh-v1.5 (512d) —— 轻量 Collection 嵌入模型"
      - "in_memory fallback (512d zeros) —— 离线降级模式"
      - "动态维度：init_all_collections() 根据可用模型自动决定"
      - "HuggingFace 自动下载 + 5s 网络预检"
    reason: "嵌入模型变更 = 全量重索引——维度变化导致所有向量失效"
    approval_required: owner_explicit
    ai_permission: read_only

  - lock_id: ARCH-LOCK-005
    category: upgrade_threshold
    scope: "数据库升级触发条件"
    locked_files:
      - "docs/03_modules/_cross_layer/database/blueprint.md"
      - "docs/03_modules/_domain_knowledge/vector_memory/blueprint.md"
    locked_decisions:
      - "SQLite→PostgreSQL 8 个触发条件（U1-U8）"
      - "FAISS→分布式向量库 5 个触发条件（VU1-VU5）"
      - "当前不升级的前提：所有阈值均未触及"
    reason: "升级阈值是架构演进的路标——随意修改会导致过早或过晚迁移"
    approval_required: owner_explicit
    ai_permission: read_only

  - lock_id: ARCH-LOCK-006
    category: whitelist_philosophy
    scope: "白名单设计哲学——规则服务内容，不限制内容"
    locked_files:
      - "src/zephyr/integration/vector_memory/collection_manager.py"
    locked_decisions:
      - "ALLOWED_DIMENSIONS: {128, 256, 384, 512, 768, 1024, 1536}"
      - "validate_ttl: warning-only（不阻断）"
      - "新 Collection 自由创建（不限于预定义名）"
      - "维度验证使用实际 FAISS index.d（非 schema 硬编码）"
    reason: "用户明确指示：规则是用来服务内容，不是限制内容"
    approval_required: owner_explicit
    ai_permission: read_only

  - lock_id: ARCH-LOCK-007
    category: transaction_model
    scope: "ATM 事务模型"
    locked_files:
      - "src/zephyr/governance/financial_governance/atomic_transaction_manager.py"
    locked_decisions:
      - "两阶段提交（BEGIN IMMEDIATE + write_file + commit/rollback）"
      - "tx_idempotency 幂等去重"
      - "compensating_transaction 补偿事务"
      - "tx_timeout 30s 自动 ROLLBACK"
      - "嵌套事务禁止"
    reason: "事务模型是数据一致性的最后防线——变更需全系统回归测试"
    approval_required: owner_explicit
    ai_permission: read_only

modification_protocol:
  description: |
    任何 AI agent 想要修改上述锁定项时，MUST 遵循以下流程：

    1. 识别：AI 检测到自己的操作涉及 ARCH-LOCK-* 锁定项
    2. 暂停：AI 立即停止该操作
    3. 通知：AI 向用户报告：
       - 要修改哪个 ARCH-LOCK-*
       - 为什么要修改（业务需求/bug修复/优化）
       - 修改的影响范围
       - 替代方案（如果不修改的话）
    4. 等待：AI 等待用户明确回复"批准"或"拒绝"
    5. 执行/放弃：批准→执行修改+更新本注册表；拒绝→放弃修改

  emergency_override: |
    紧急情况（生产系统崩溃、数据丢失风险）下，AI 可以先修复再补审批。
    但 MUST 在修复后 5 分钟内向用户报告，并在本注册表中记录 override 原因。

  bypass_detection: |
    以下行为视为绕过架构锁（与 RULE-TEN 违规同级）：
    - 修改锁定文件但不检查 architecture_lock.yaml
    - 通过间接方式改变锁定决策（如：不改 schema 但改调用方绕过约束）
    - 删除或修改 architecture_lock.yaml 本身（仅 Owner 可修改）

industry_practices: |
  ## Vibe Coding 社区做法
  - 架构决策（Architecture Decision）作为知识条目融入 KB——可变、可推翻、可迭代（项目禁用 ADR 术语，因 ADR 暗示不可推翻，与项目持续进化理念冲突）
  - .cursorrules / CLAUDE.md / .trae/rules/ 作为 AI 行为约束文件——锁定关键设计
  - 社区共识：核心架构决策应由人类 Owner 控制，AI 只在授权范围内操作

  ## 专业机构做法
  - Change Advisory Board (CAB)：任何架构变更需委员会审批
  - K8s ValidatingAdmissionWebhook：准入控制器拦截不合规的变更请求
  - Terraform State Lock：DynamoDB/S3 锁防止并发修改基础设施状态
  - Git branch protection：main 分支保护 + required review + status checks
  - SOC 2 Change Management：CC8.1 要求所有变更经授权审批

  ## 本项目的做法
  - architecture_lock.yaml = 轻量级 CAB（1人版）
  - RULE-TEN = AI 行为层面的准入控制器
  - project_rules.md = AI 行为的宪法级约束
  - 与现有 RULE-ZERO（文件锁）互补：RULE-ZERO 防并发，RULE-TEN 防越权
